
Microsoft Visual Studio Solution File, Format Version 12.00
# Visual Studio 15
Project("{FAE04EC0-301F-11D3-BF4B-00C04F79EFBC}") = "assignment6.Android", "assignment6.Android\assignment6.Android.csproj", "{C84DE9F2-016E-4861-811A-C5755FE46C3C}"
EndProject
Project("{FAE04EC0-301F-11D3-BF4B-00C04F79EFBC}") = "assignment6.iOS", "assignment6.iOS\assignment6.iOS.csproj", "{6B1F5778-28F3-4937-B290-27222D5DA57B}"
EndProject
Project("{FAE04EC0-301F-11D3-BF4B-00C04F79EFBC}") = "assignment6", "assignment6\assignment6.csproj", "{6CB110BA-EFB4-4C3B-BC9F-5CCCA6BE1E9F}"
EndProject
Global
	GlobalSection(SolutionConfigurationPlatforms) = preSolution
		Debug|Any CPU = Debug|Any CPU
		Release|Any CPU = Release|Any CPU
		Debug|iPhoneSimulator = Debug|iPhoneSimulator
		Release|iPhoneSimulator = Release|iPhoneSimulator
		Debug|iPhone = Debug|iPhone
		Release|iPhone = Release|iPhone
	EndGlobalSection
	GlobalSection(ProjectConfigurationPlatforms) = postSolution
		{C84DE9F2-016E-4861-811A-C5755FE46C3C}.Debug|Any CPU.ActiveCfg = Debug|Any CPU
		{C84DE9F2-016E-4861-811A-C5755FE46C3C}.Debug|Any CPU.Build.0 = Debug|Any CPU
		{C84DE9F2-016E-4861-811A-C5755FE46C3C}.Release|Any CPU.ActiveCfg = Release|Any CPU
		{C84DE9F2-016E-4861-811A-C5755FE46C3C}.Release|Any CPU.Build.0 = Release|Any CPU
		{C84DE9F2-016E-4861-811A-C5755FE46C3C}.Debug|iPhoneSimulator.ActiveCfg = Debug|Any CPU
		{C84DE9F2-016E-4861-811A-C5755FE46C3C}.Debug|iPhoneSimulator.Build.0 = Debug|Any CPU
		{C84DE9F2-016E-4861-811A-C5755FE46C3C}.Release|iPhoneSimulator.ActiveCfg = Release|Any CPU
		{C84DE9F2-016E-4861-811A-C5755FE46C3C}.Release|iPhoneSimulator.Build.0 = Release|Any CPU
		{C84DE9F2-016E-4861-811A-C5755FE46C3C}.Debug|iPhone.ActiveCfg = Debug|Any CPU
		{C84DE9F2-016E-4861-811A-C5755FE46C3C}.Debug|iPhone.Build.0 = Debug|Any CPU
		{C84DE9F2-016E-4861-811A-C5755FE46C3C}.Release|iPhone.ActiveCfg = Release|Any CPU
		{C84DE9F2-016E-4861-811A-C5755FE46C3C}.Release|iPhone.Build.0 = Release|Any CPU
		{6B1F5778-28F3-4937-B290-27222D5DA57B}.Debug|Any CPU.ActiveCfg = Debug|iPhoneSimulator
		{6B1F5778-28F3-4937-B290-27222D5DA57B}.Debug|Any CPU.Build.0 = Debug|iPhoneSimulator
		{6B1F5778-28F3-4937-B290-27222D5DA57B}.Release|Any CPU.ActiveCfg = Release|iPhoneSimulator
		{6B1F5778-28F3-4937-B290-27222D5DA57B}.Release|Any CPU.Build.0 = Release|iPhoneSimulator
		{6B1F5778-28F3-4937-B290-27222D5DA57B}.Debug|iPhoneSimulator.ActiveCfg = Debug|iPhoneSimulator
		{6B1F5778-28F3-4937-B290-27222D5DA57B}.Debug|iPhoneSimulator.Build.0 = Debug|iPhoneSimulator
		{6B1F5778-28F3-4937-B290-27222D5DA57B}.Release|iPhoneSimulator.ActiveCfg = Release|iPhoneSimulator
		{6B1F5778-28F3-4937-B290-27222D5DA57B}.Release|iPhoneSimulator.Build.0 = Release|iPhoneSimulator
		{6B1F5778-28F3-4937-B290-27222D5DA57B}.Debug|iPhone.ActiveCfg = Debug|iPhone
		{6B1F5778-28F3-4937-B290-27222D5DA57B}.Debug|iPhone.Build.0 = Debug|iPhone
		{6B1F5778-28F3-4937-B290-27222D5DA57B}.Release|iPhone.ActiveCfg = Release|iPhone
		{6B1F5778-28F3-4937-B290-27222D5DA57B}.Release|iPhone.Build.0 = Release|iPhone
		{6CB110BA-EFB4-4C3B-BC9F-5CCCA6BE1E9F}.Debug|Any CPU.ActiveCfg = Debug|Any CPU
		{6CB110BA-EFB4-4C3B-BC9F-5CCCA6BE1E9F}.Debug|Any CPU.Build.0 = Debug|Any CPU
		{6CB110BA-EFB4-4C3B-BC9F-5CCCA6BE1E9F}.Release|Any CPU.ActiveCfg = Release|Any CPU
		{6CB110BA-EFB4-4C3B-BC9F-5CCCA6BE1E9F}.Release|Any CPU.Build.0 = Release|Any CPU
		{6CB110BA-EFB4-4C3B-BC9F-5CCCA6BE1E9F}.Debug|iPhoneSimulator.ActiveCfg = Debug|Any CPU
		{6CB110BA-EFB4-4C3B-BC9F-5CCCA6BE1E9F}.Debug|iPhoneSimulator.Build.0 = Debug|Any CPU
		{6CB110BA-EFB4-4C3B-BC9F-5CCCA6BE1E9F}.Release|iPhoneSimulator.ActiveCfg = Release|Any CPU
		{6CB110BA-EFB4-4C3B-BC9F-5CCCA6BE1E9F}.Release|iPhoneSimulator.Build.0 = Release|Any CPU
		{6CB110BA-EFB4-4C3B-BC9F-5CCCA6BE1E9F}.Debug|iPhone.ActiveCfg = Debug|Any CPU
		{6CB110BA-EFB4-4C3B-BC9F-5CCCA6BE1E9F}.Debug|iPhone.Build.0 = Debug|Any CPU
		{6CB110BA-EFB4-4C3B-BC9F-5CCCA6BE1E9F}.Release|iPhone.ActiveCfg = Release|Any CPU
		{6CB110BA-EFB4-4C3B-BC9F-5CCCA6BE1E9F}.Release|iPhone.Build.0 = Release|Any CPU
	EndGlobalSection
EndGlobal
